
Microsoft Visual Studio Solution File, Format Version 12.00
# Visual Studio Version 16
VisualStudioVersion = 16.0.29102.190
MinimumVisualStudioVersion = 10.0.40219.1
Project("{2150E333-8FDC-42A3-9474-1A3956D46DE8}") = "Solution Items", "Solution Items", "{65F3CE0A-FDA5-438D-A105-AF3DE28915F5}"
	ProjectSection(SolutionItems) = preProject
		LICENSE = LICENSE
		LICENSE-3RD-PARTY = LICENSE-3RD-PARTY
		README.md = README.md
	EndProjectSection
EndProject
Project("{FAE04EC0-301F-11D3-BF4B-00C04F79EFBC}") = "Core6502DotNet", "Core6502DotNet\Core6502DotNet.csproj", "{509AB312-9232-4063-B964-1E45DCDFCEDE}"
EndProject
Global
	GlobalSection(SolutionConfigurationPlatforms) = preSolution
		Debug|Any CPU = Debug|Any CPU
		Release|Any CPU = Release|Any CPU
	EndGlobalSection
	GlobalSection(ProjectConfigurationPlatforms) = postSolution
		{509AB312-9232-4063-B964-1E45DCDFCEDE}.Debug|Any CPU.ActiveCfg = Debug|Any CPU
		{509AB312-9232-4063-B964-1E45DCDFCEDE}.Debug|Any CPU.Build.0 = Debug|Any CPU
		{509AB312-9232-4063-B964-1E45DCDFCEDE}.Release|Any CPU.ActiveCfg = Release|Any CPU
		{509AB312-9232-4063-B964-1E45DCDFCEDE}.Release|Any CPU.Build.0 = Release|Any CPU
	EndGlobalSection
	GlobalSection(SolutionProperties) = preSolution
		HideSolutionNode = FALSE
	EndGlobalSection
	GlobalSection(NestedProjects) = preSolution
		{509AB312-9232-4063-B964-1E45DCDFCEDE} = {65F3CE0A-FDA5-438D-A105-AF3DE28915F5}
	EndGlobalSection
	GlobalSection(ExtensibilityGlobals) = postSolution
		SolutionGuid = {9BE7575F-6E99-4243-AEAA-4D1E1064DA97}
	EndGlobalSection
	GlobalSection(MonoDevelopProperties) = preSolution
		version = 2.4.1
		Policies = $0
		$0.VersionControlPolicy = $1
		$1.CommitMessageStyle = $2
		$2.FirstFilePrefix = 
		$2.FileSeparator = @:\n
		$2.LastFilePostfix = @:\n
		$2.LineAlign = 0
		$0.DotNetNamingPolicy = $3
		$3.DirectoryNamespaceAssociation = PrefixedHierarchical
	EndGlobalSection
EndGlobal
